
Microsoft Visual Studio Solution File, Format Version 12.00
# Visual Studio Version 17
VisualStudioVersion = 17.9.34723.18
MinimumVisualStudioVersion = 10.0.40219.1
Project("{FAE04EC0-301F-11D3-BF4B-00C04F79EFBC}") = "Sarah.Server", "Sarah.Server\Sarah.Server.csproj", "{1FE1F8C8-B726-46E7-BAB5-16179DDF7CD5}"
EndProject
Project("{54A90642-561A-4BB1-A94E-469ADEE60C69}") = "sarah.client", "sarah.client\sarah.client.esproj", "{E26982DF-DB32-4A60-9D87-5FEEF7871555}"
EndProject
Project("{2150E333-8FDC-42A3-9474-1A3956D46DE8}") = "Services", "Services", "{281BBB2C-AE79-43DB-8D7D-C80A831A4B40}"
EndProject
Project("{FAE04EC0-301F-11D3-BF4B-00C04F79EFBC}") = "Sarah.API", "Services\Sarah.API\Sarah.API.csproj", "{C815FB6F-496F-4559-9FDC-664EDAE84367}"
EndProject
Project("{FAE04EC0-301F-11D3-BF4B-00C04F79EFBC}") = "Sarah.DeviceService", "Services\Sarah.DeviceService\Sarah.DeviceService.csproj", "{967DDEB4-7541-438E-9562-FCBC61B6BEDD}"
EndProject
Project("{FAE04EC0-301F-11D3-BF4B-00C04F79EFBC}") = "Sarah.Logging", "Services\Sarah.Logging\Sarah.Logging.csproj", "{1D301283-A854-4624-9AC7-71E7D42F8EFF}"
EndProject
Global
	GlobalSection(SolutionConfigurationPlatforms) = preSolution
		Debug|Any CPU = Debug|Any CPU
		Release|Any CPU = Release|Any CPU
	EndGlobalSection
	GlobalSection(ProjectConfigurationPlatforms) = postSolution
		{1FE1F8C8-B726-46E7-BAB5-16179DDF7CD5}.Debug|Any CPU.ActiveCfg = Debug|Any CPU
		{1FE1F8C8-B726-46E7-BAB5-16179DDF7CD5}.Debug|Any CPU.Build.0 = Debug|Any CPU
		{1FE1F8C8-B726-46E7-BAB5-16179DDF7CD5}.Release|Any CPU.ActiveCfg = Release|Any CPU
		{1FE1F8C8-B726-46E7-BAB5-16179DDF7CD5}.Release|Any CPU.Build.0 = Release|Any CPU
		{E26982DF-DB32-4A60-9D87-5FEEF7871555}.Debug|Any CPU.ActiveCfg = Debug|Any CPU
		{E26982DF-DB32-4A60-9D87-5FEEF7871555}.Debug|Any CPU.Build.0 = Debug|Any CPU
		{E26982DF-DB32-4A60-9D87-5FEEF7871555}.Debug|Any CPU.Deploy.0 = Debug|Any CPU
		{E26982DF-DB32-4A60-9D87-5FEEF7871555}.Release|Any CPU.ActiveCfg = Release|Any CPU
		{E26982DF-DB32-4A60-9D87-5FEEF7871555}.Release|Any CPU.Build.0 = Release|Any CPU
		{E26982DF-DB32-4A60-9D87-5FEEF7871555}.Release|Any CPU.Deploy.0 = Release|Any CPU
		{C815FB6F-496F-4559-9FDC-664EDAE84367}.Debug|Any CPU.ActiveCfg = Debug|Any CPU
		{C815FB6F-496F-4559-9FDC-664EDAE84367}.Debug|Any CPU.Build.0 = Debug|Any CPU
		{C815FB6F-496F-4559-9FDC-664EDAE84367}.Release|Any CPU.ActiveCfg = Release|Any CPU
		{C815FB6F-496F-4559-9FDC-664EDAE84367}.Release|Any CPU.Build.0 = Release|Any CPU
		{967DDEB4-7541-438E-9562-FCBC61B6BEDD}.Debug|Any CPU.ActiveCfg = Debug|Any CPU
		{967DDEB4-7541-438E-9562-FCBC61B6BEDD}.Debug|Any CPU.Build.0 = Debug|Any CPU
		{967DDEB4-7541-438E-9562-FCBC61B6BEDD}.Release|Any CPU.ActiveCfg = Release|Any CPU
		{967DDEB4-7541-438E-9562-FCBC61B6BEDD}.Release|Any CPU.Build.0 = Release|Any CPU
		{1D301283-A854-4624-9AC7-71E7D42F8EFF}.Debug|Any CPU.ActiveCfg = Debug|Any CPU
		{1D301283-A854-4624-9AC7-71E7D42F8EFF}.Debug|Any CPU.Build.0 = Debug|Any CPU
		{1D301283-A854-4624-9AC7-71E7D42F8EFF}.Release|Any CPU.ActiveCfg = Release|Any CPU
		{1D301283-A854-4624-9AC7-71E7D42F8EFF}.Release|Any CPU.Build.0 = Release|Any CPU
	EndGlobalSection
	GlobalSection(SolutionProperties) = preSolution
		HideSolutionNode = FALSE
	EndGlobalSection
	GlobalSection(ExtensibilityGlobals) = postSolution
		SolutionGuid = {B8296C09-7EB1-4CE8-9FF5-E182F5BB833A}
	EndGlobalSection
	GlobalSection(NestedProjects) = preSolution
		{C815FB6F-496F-4559-9FDC-664EDAE84367} = {281BBB2C-AE79-43DB-8D7D-C80A831A4B40}
		{967DDEB4-7541-438E-9562-FCBC61B6BEDD} = {281BBB2C-AE79-43DB-8D7D-C80A831A4B40}
		{1D301283-A854-4624-9AC7-71E7D42F8EFF} = {281BBB2C-AE79-43DB-8D7D-C80A831A4B40}
	EndGlobalSection
EndGlobal
