
Microsoft Visual Studio Solution File, Format Version 12.00
# Visual Studio Version 17
VisualStudioVersion = 17.9.34723.18
MinimumVisualStudioVersion = 10.0.40219.1
Project("{FAE04EC0-301F-11D3-BF4B-00C04F79EFBC}") = "Sarah.Server", "Sarah.Server\Sarah.Server.csproj", "{1FE1F8C8-B726-46E7-BAB5-16179DDF7CD5}"
EndProject
Project("{54A90642-561A-4BB1-A94E-469ADEE60C69}") = "sarah.client", "sarah.client\sarah.client.esproj", "{E26982DF-DB32-4A60-9D87-5FEEF7871555}"
EndProject
Project("{2150E333-8FDC-42A3-9474-1A3956D46DE8}") = "Services", "Services", "{281BBB2C-AE79-43DB-8D7D-C80A831A4B40}"
EndProject
Project("{FAE04EC0-301F-11D3-BF4B-00C04F79EFBC}") = "Sarah.API", "Services\Sarah.API\Sarah.API.csproj", "{C815FB6F-496F-4559-9FDC-664EDAE84367}"
EndProject
Project("{FAE04EC0-301F-11D3-BF4B-00C04F79EFBC}") = "Sarah.DeviceService", "Services\Sarah.DeviceService\Sarah.DeviceService.csproj", "{967DDEB4-7541-438E-9562-FCBC61B6BEDD}"
EndProject
Project("{FAE04EC0-301F-11D3-BF4B-00C04F79EFBC}") = "Sarah.Logging", "Services\Sarah.Logging\Sarah.Logging.csproj", "{1D301283-A854-4624-9AC7-71E7D42F8EFF}"
EndProject
Project("{FAE04EC0-301F-11D3-BF4B-00C04F79EFBC}") = "Sarah.Data", "Services\Sarah.Data\Sarah.Data.csproj", "{4198E1FE-C2F5-41B7-900F-8463ED33EE91}"
EndProject
Project("{FAE04EC0-301F-11D3-BF4B-00C04F79EFBC}") = "Sarah.NodeFactory", "Services\Sarah.NodeFactory\Sarah.NodeFactory.csproj", "{70EFA4CF-DA48-475C-B30D-D242363ECF0D}"
EndProject
Project("{FAE04EC0-301F-11D3-BF4B-00C04F79EFBC}") = "Sarah.Persons", "Services\Sarah.Persons\Sarah.Persons.csproj", "{70EFA4CF-DA48-475C-B30D-D242363ECF0F}"
EndProject
Project("{FAE04EC0-301F-11D3-BF4B-00C04F79EFBC}") = "Sarah.Geofences", "Services\Sarah.Geofences\Sarah.Geofences.csproj", "{70EFA4CF-DA48-475C-B30D-D242363ECF1F}"
EndProject
Project("{FAE04EC0-301F-11D3-BF4B-00C04F79EFBC}") = "Sarah.EventProcessing", "Services\Sarah.EventProcessing\Sarah.EventProcessing.csproj", "{70EFA4CF-DA48-475C-B30D-D242363ECF2F}"
EndProject
Project("{FAE04EC0-301F-11D3-BF4B-00C04F79EFBC}") = "Sarah.Monitoring", "Services\Sarah.Monitoring\Sarah.Monitoring.csproj", "{70EFA4CF-DA48-475C-B30D-D242363ECF3F}"
EndProject
Project("{FAE04EC0-301F-11D3-BF4B-00C04F79EFBC}") = "Sarah.LocationServer", "Sarah.LocationServer\Sarah.LocationServer.csproj", "{1E081096-86EE-418E-8EBA-BF79DFF3C688}"
EndProject
Project("{FAE04EC0-301F-11D3-BF4B-00C04F79EFBC}") = "Sarah.LocationServerClient", "Services\Sarah.LocationServerClient\Sarah.LocationServerClient.csproj", "{03CA9967-31C4-42F8-AA2D-6E2EC4D62ED3}"
EndProject
Project("{FAE04EC0-301F-11D3-BF4B-00C04F79EFBC}") = "Sarah.Rules", "Services\Sarah.Rules\Sarah.Rules.csproj", "{D0C66B68-32D7-40F6-8AF4-FEAFE9D6B019}"
EndProject
Project("{FAE04EC0-301F-11D3-BF4B-00C04F79EFBC}") = "Sarah.Voice", "Services\Sarah.Voice\Sarah.Voice.csproj", "{1CC74A39-11D7-475E-85EA-D99A8940424F}"
EndProject
Project("{FAE04EC0-301F-11D3-BF4B-00C04F79EFBC}") = "Sarah.DeviceServiceClient", "Services\Sarah.DeviceServiceClient\Sarah.DeviceServiceClient.csproj", "{698C9DF4-548A-44CE-8843-1254A1DA7D66}"
EndProject
Project("{FAE04EC0-301F-11D3-BF4B-00C04F79EFBC}") = "Sarah.SpeakerEventClient", "Services\Sarah.SpeakerEventClient\Sarah.SpeakerEventClient.csproj", "{9C2CCBFA-8597-4210-9B62-05A48CC4F958}"
EndProject
Project("{FAE04EC0-301F-11D3-BF4B-00C04F79EFBC}") = "Sarah.LEDService", "Services\Sarah.LEDService\Sarah.LEDService.csproj", "{78D56A4A-B85C-4300-BC5F-46098237654F}"
EndProject
Project("{FAE04EC0-301F-11D3-BF4B-00C04F79EFBC}") = "Sarah.SpeechServer", "Sarah.SpeechServer\Sarah.SpeechServer.csproj", "{2A2FB747-8B6E-4E48-8EC1-812301F6618B}"
EndProject
Project("{FAE04EC0-301F-11D3-BF4B-00C04F79EFBC}") = "Sarah.AppHost", "Sarah.AppHost\Sarah.AppHost.csproj", "{C9635959-946F-4DD2-92EE-27DB27173D67}"
EndProject
Project("{2150E333-8FDC-42A3-9474-1A3956D46DE8}") = "Microservices", "Microservices", "{8A367DDA-5161-A942-4F09-60E4726C9306}"
EndProject
Project("{FAE04EC0-301F-11D3-BF4B-00C04F79EFBC}") = "Sarah.DeviceService.WebApi", "Microservices\Sarah.DeviceService.WebApi\Sarah.DeviceService.WebApi.csproj", "{4813A69C-35A1-42BF-8545-120C6687ADA1}"
EndProject
Project("{FAE04EC0-301F-11D3-BF4B-00C04F79EFBC}") = "Sarah.Persons.WebApi", "Microservices\Sarah.Persons.WebApi\Sarah.Persons.WebApi.csproj", "{0C53AEB4-A22D-4180-94D8-965C53CDBD56}"
EndProject
Project("{FAE04EC0-301F-11D3-BF4B-00C04F79EFBC}") = "Sarah.Geofences.WebApi", "Microservices\Sarah.Geofences.WebApi\Sarah.Geofences.WebApi.csproj", "{3053D136-A978-480C-A7C7-D269A9FEC491}"
EndProject
Project("{FAE04EC0-301F-11D3-BF4B-00C04F79EFBC}") = "Sarah.EventProcessing.WebApi", "Microservices\Sarah.EventProcessing.WebApi\Sarah.EventProcessing.WebApi.csproj", "{42212813-63D9-469F-B383-E3C939849185}"
EndProject
Project("{FAE04EC0-301F-11D3-BF4B-00C04F79EFBC}") = "Sarah.Monitoring.WebApi", "Microservices\Sarah.Monitoring.WebApi\Sarah.Monitoring.WebApi.csproj", "{EC4D7A24-9BC7-4F4E-9CC9-9D734BCC7796}"
EndProject
Project("{FAE04EC0-301F-11D3-BF4B-00C04F79EFBC}") = "Sarah.Rules.WebApi", "Microservices\Sarah.Rules.WebApi\Sarah.Rules.WebApi.csproj", "{CA47F3F8-92F7-4FA0-9E03-D7776422FF72}"
EndProject
Project("{FAE04EC0-301F-11D3-BF4B-00C04F79EFBC}") = "Sarah.API.WebApi", "Microservices\Sarah.API.WebApi\Sarah.API.WebApi.csproj", "{C45114E0-94FB-4885-9AA2-117E212383CC}"
EndProject
Project("{FAE04EC0-301F-11D3-BF4B-00C04F79EFBC}") = "Sarah.Messaging.RabbitMQ", "Services\Sarah.Messaging.RabbitMQ\Sarah.Messaging.RabbitMQ.csproj", "{BB6FAE1E-F8D3-47AA-AE1B-7E093EC70F7B}"
EndProject
Project("{FAE04EC0-301F-11D3-BF4B-00C04F79EFBC}") = "Sarah.Authentication", "Services\Sarah.Authentication\Sarah.Authentication.csproj", "{5070256A-C750-4DE6-94DD-275A8C3946DF}"
EndProject
Global
	GlobalSection(SolutionConfigurationPlatforms) = preSolution
		Debug|Any CPU = Debug|Any CPU
		Debug|x64 = Debug|x64
		Debug|x86 = Debug|x86
		Release|Any CPU = Release|Any CPU
		Release|x64 = Release|x64
		Release|x86 = Release|x86
	EndGlobalSection
	GlobalSection(ProjectConfigurationPlatforms) = postSolution
		{1FE1F8C8-B726-46E7-BAB5-16179DDF7CD5}.Debug|Any CPU.ActiveCfg = Debug|Any CPU
		{1FE1F8C8-B726-46E7-BAB5-16179DDF7CD5}.Debug|Any CPU.Build.0 = Debug|Any CPU
		{1FE1F8C8-B726-46E7-BAB5-16179DDF7CD5}.Debug|x64.ActiveCfg = Debug|Any CPU
		{1FE1F8C8-B726-46E7-BAB5-16179DDF7CD5}.Debug|x64.Build.0 = Debug|Any CPU
		{1FE1F8C8-B726-46E7-BAB5-16179DDF7CD5}.Debug|x86.ActiveCfg = Debug|Any CPU
		{1FE1F8C8-B726-46E7-BAB5-16179DDF7CD5}.Debug|x86.Build.0 = Debug|Any CPU
		{1FE1F8C8-B726-46E7-BAB5-16179DDF7CD5}.Release|Any CPU.ActiveCfg = Release|Any CPU
		{1FE1F8C8-B726-46E7-BAB5-16179DDF7CD5}.Release|Any CPU.Build.0 = Release|Any CPU
		{1FE1F8C8-B726-46E7-BAB5-16179DDF7CD5}.Release|x64.ActiveCfg = Release|Any CPU
		{1FE1F8C8-B726-46E7-BAB5-16179DDF7CD5}.Release|x64.Build.0 = Release|Any CPU
		{1FE1F8C8-B726-46E7-BAB5-16179DDF7CD5}.Release|x86.ActiveCfg = Release|Any CPU
		{1FE1F8C8-B726-46E7-BAB5-16179DDF7CD5}.Release|x86.Build.0 = Release|Any CPU
		{E26982DF-DB32-4A60-9D87-5FEEF7871555}.Debug|Any CPU.ActiveCfg = Debug|Any CPU
		{E26982DF-DB32-4A60-9D87-5FEEF7871555}.Debug|Any CPU.Build.0 = Debug|Any CPU
		{E26982DF-DB32-4A60-9D87-5FEEF7871555}.Debug|Any CPU.Deploy.0 = Debug|Any CPU
		{E26982DF-DB32-4A60-9D87-5FEEF7871555}.Debug|x64.ActiveCfg = Debug|x64
		{E26982DF-DB32-4A60-9D87-5FEEF7871555}.Debug|x86.ActiveCfg = Debug|x86
		{E26982DF-DB32-4A60-9D87-5FEEF7871555}.Release|Any CPU.ActiveCfg = Release|Any CPU
		{E26982DF-DB32-4A60-9D87-5FEEF7871555}.Release|Any CPU.Build.0 = Release|Any CPU
		{E26982DF-DB32-4A60-9D87-5FEEF7871555}.Release|Any CPU.Deploy.0 = Release|Any CPU
		{E26982DF-DB32-4A60-9D87-5FEEF7871555}.Release|x64.ActiveCfg = Release|x64
		{E26982DF-DB32-4A60-9D87-5FEEF7871555}.Release|x86.ActiveCfg = Release|x86
		{C815FB6F-496F-4559-9FDC-664EDAE84367}.Debug|Any CPU.ActiveCfg = Debug|Any CPU
		{C815FB6F-496F-4559-9FDC-664EDAE84367}.Debug|Any CPU.Build.0 = Debug|Any CPU
		{C815FB6F-496F-4559-9FDC-664EDAE84367}.Debug|x64.ActiveCfg = Debug|Any CPU
		{C815FB6F-496F-4559-9FDC-664EDAE84367}.Debug|x64.Build.0 = Debug|Any CPU
		{C815FB6F-496F-4559-9FDC-664EDAE84367}.Debug|x86.ActiveCfg = Debug|Any CPU
		{C815FB6F-496F-4559-9FDC-664EDAE84367}.Debug|x86.Build.0 = Debug|Any CPU
		{C815FB6F-496F-4559-9FDC-664EDAE84367}.Release|Any CPU.ActiveCfg = Release|Any CPU
		{C815FB6F-496F-4559-9FDC-664EDAE84367}.Release|Any CPU.Build.0 = Release|Any CPU
		{C815FB6F-496F-4559-9FDC-664EDAE84367}.Release|x64.ActiveCfg = Release|Any CPU
		{C815FB6F-496F-4559-9FDC-664EDAE84367}.Release|x64.Build.0 = Release|Any CPU
		{C815FB6F-496F-4559-9FDC-664EDAE84367}.Release|x86.ActiveCfg = Release|Any CPU
		{C815FB6F-496F-4559-9FDC-664EDAE84367}.Release|x86.Build.0 = Release|Any CPU
		{967DDEB4-7541-438E-9562-FCBC61B6BEDD}.Debug|Any CPU.ActiveCfg = Debug|Any CPU
		{967DDEB4-7541-438E-9562-FCBC61B6BEDD}.Debug|Any CPU.Build.0 = Debug|Any CPU
		{967DDEB4-7541-438E-9562-FCBC61B6BEDD}.Debug|x64.ActiveCfg = Debug|Any CPU
		{967DDEB4-7541-438E-9562-FCBC61B6BEDD}.Debug|x64.Build.0 = Debug|Any CPU
		{967DDEB4-7541-438E-9562-FCBC61B6BEDD}.Debug|x86.ActiveCfg = Debug|Any CPU
		{967DDEB4-7541-438E-9562-FCBC61B6BEDD}.Debug|x86.Build.0 = Debug|Any CPU
		{967DDEB4-7541-438E-9562-FCBC61B6BEDD}.Release|Any CPU.ActiveCfg = Release|Any CPU
		{967DDEB4-7541-438E-9562-FCBC61B6BEDD}.Release|Any CPU.Build.0 = Release|Any CPU
		{967DDEB4-7541-438E-9562-FCBC61B6BEDD}.Release|x64.ActiveCfg = Release|Any CPU
		{967DDEB4-7541-438E-9562-FCBC61B6BEDD}.Release|x64.Build.0 = Release|Any CPU
		{967DDEB4-7541-438E-9562-FCBC61B6BEDD}.Release|x86.ActiveCfg = Release|Any CPU
		{967DDEB4-7541-438E-9562-FCBC61B6BEDD}.Release|x86.Build.0 = Release|Any CPU
		{1D301283-A854-4624-9AC7-71E7D42F8EFF}.Debug|Any CPU.ActiveCfg = Debug|Any CPU
		{1D301283-A854-4624-9AC7-71E7D42F8EFF}.Debug|Any CPU.Build.0 = Debug|Any CPU
		{1D301283-A854-4624-9AC7-71E7D42F8EFF}.Debug|x64.ActiveCfg = Debug|Any CPU
		{1D301283-A854-4624-9AC7-71E7D42F8EFF}.Debug|x64.Build.0 = Debug|Any CPU
		{1D301283-A854-4624-9AC7-71E7D42F8EFF}.Debug|x86.ActiveCfg = Debug|Any CPU
		{1D301283-A854-4624-9AC7-71E7D42F8EFF}.Debug|x86.Build.0 = Debug|Any CPU
		{1D301283-A854-4624-9AC7-71E7D42F8EFF}.Release|Any CPU.ActiveCfg = Release|Any CPU
		{1D301283-A854-4624-9AC7-71E7D42F8EFF}.Release|Any CPU.Build.0 = Release|Any CPU
		{1D301283-A854-4624-9AC7-71E7D42F8EFF}.Release|x64.ActiveCfg = Release|Any CPU
		{1D301283-A854-4624-9AC7-71E7D42F8EFF}.Release|x64.Build.0 = Release|Any CPU
		{1D301283-A854-4624-9AC7-71E7D42F8EFF}.Release|x86.ActiveCfg = Release|Any CPU
		{1D301283-A854-4624-9AC7-71E7D42F8EFF}.Release|x86.Build.0 = Release|Any CPU
		{4198E1FE-C2F5-41B7-900F-8463ED33EE91}.Debug|Any CPU.ActiveCfg = Debug|Any CPU
		{4198E1FE-C2F5-41B7-900F-8463ED33EE91}.Debug|Any CPU.Build.0 = Debug|Any CPU
		{4198E1FE-C2F5-41B7-900F-8463ED33EE91}.Debug|x64.ActiveCfg = Debug|Any CPU
		{4198E1FE-C2F5-41B7-900F-8463ED33EE91}.Debug|x64.Build.0 = Debug|Any CPU
		{4198E1FE-C2F5-41B7-900F-8463ED33EE91}.Debug|x86.ActiveCfg = Debug|Any CPU
		{4198E1FE-C2F5-41B7-900F-8463ED33EE91}.Debug|x86.Build.0 = Debug|Any CPU
		{4198E1FE-C2F5-41B7-900F-8463ED33EE91}.Release|Any CPU.ActiveCfg = Release|Any CPU
		{4198E1FE-C2F5-41B7-900F-8463ED33EE91}.Release|Any CPU.Build.0 = Release|Any CPU
		{4198E1FE-C2F5-41B7-900F-8463ED33EE91}.Release|x64.ActiveCfg = Release|Any CPU
		{4198E1FE-C2F5-41B7-900F-8463ED33EE91}.Release|x64.Build.0 = Release|Any CPU
		{4198E1FE-C2F5-41B7-900F-8463ED33EE91}.Release|x86.ActiveCfg = Release|Any CPU
		{4198E1FE-C2F5-41B7-900F-8463ED33EE91}.Release|x86.Build.0 = Release|Any CPU
		{70EFA4CF-DA48-475C-B30D-D242363ECF0D}.Debug|Any CPU.ActiveCfg = Debug|Any CPU
		{70EFA4CF-DA48-475C-B30D-D242363ECF0D}.Debug|Any CPU.Build.0 = Debug|Any CPU
		{70EFA4CF-DA48-475C-B30D-D242363ECF0D}.Debug|x64.ActiveCfg = Debug|Any CPU
		{70EFA4CF-DA48-475C-B30D-D242363ECF0D}.Debug|x64.Build.0 = Debug|Any CPU
		{70EFA4CF-DA48-475C-B30D-D242363ECF0D}.Debug|x86.ActiveCfg = Debug|Any CPU
		{70EFA4CF-DA48-475C-B30D-D242363ECF0D}.Debug|x86.Build.0 = Debug|Any CPU
		{70EFA4CF-DA48-475C-B30D-D242363ECF0D}.Release|Any CPU.ActiveCfg = Release|Any CPU
		{70EFA4CF-DA48-475C-B30D-D242363ECF0D}.Release|Any CPU.Build.0 = Release|Any CPU
		{70EFA4CF-DA48-475C-B30D-D242363ECF0D}.Release|x64.ActiveCfg = Release|Any CPU
		{70EFA4CF-DA48-475C-B30D-D242363ECF0D}.Release|x64.Build.0 = Release|Any CPU
		{70EFA4CF-DA48-475C-B30D-D242363ECF0D}.Release|x86.ActiveCfg = Release|Any CPU
		{70EFA4CF-DA48-475C-B30D-D242363ECF0D}.Release|x86.Build.0 = Release|Any CPU
		{70EFA4CF-DA48-475C-B30D-D242363ECF0F}.Debug|Any CPU.ActiveCfg = Debug|Any CPU
		{70EFA4CF-DA48-475C-B30D-D242363ECF0F}.Debug|Any CPU.Build.0 = Debug|Any CPU
		{70EFA4CF-DA48-475C-B30D-D242363ECF0F}.Debug|x64.ActiveCfg = Debug|Any CPU
		{70EFA4CF-DA48-475C-B30D-D242363ECF0F}.Debug|x64.Build.0 = Debug|Any CPU
		{70EFA4CF-DA48-475C-B30D-D242363ECF0F}.Debug|x86.ActiveCfg = Debug|Any CPU
		{70EFA4CF-DA48-475C-B30D-D242363ECF0F}.Debug|x86.Build.0 = Debug|Any CPU
		{70EFA4CF-DA48-475C-B30D-D242363ECF0F}.Release|Any CPU.ActiveCfg = Release|Any CPU
		{70EFA4CF-DA48-475C-B30D-D242363ECF0F}.Release|Any CPU.Build.0 = Release|Any CPU
		{70EFA4CF-DA48-475C-B30D-D242363ECF0F}.Release|x64.ActiveCfg = Release|Any CPU
		{70EFA4CF-DA48-475C-B30D-D242363ECF0F}.Release|x64.Build.0 = Release|Any CPU
		{70EFA4CF-DA48-475C-B30D-D242363ECF0F}.Release|x86.ActiveCfg = Release|Any CPU
		{70EFA4CF-DA48-475C-B30D-D242363ECF0F}.Release|x86.Build.0 = Release|Any CPU
		{70EFA4CF-DA48-475C-B30D-D242363ECF1F}.Debug|Any CPU.ActiveCfg = Debug|Any CPU
		{70EFA4CF-DA48-475C-B30D-D242363ECF1F}.Debug|Any CPU.Build.0 = Debug|Any CPU
		{70EFA4CF-DA48-475C-B30D-D242363ECF1F}.Debug|x64.ActiveCfg = Debug|Any CPU
		{70EFA4CF-DA48-475C-B30D-D242363ECF1F}.Debug|x64.Build.0 = Debug|Any CPU
		{70EFA4CF-DA48-475C-B30D-D242363ECF1F}.Debug|x86.ActiveCfg = Debug|Any CPU
		{70EFA4CF-DA48-475C-B30D-D242363ECF1F}.Debug|x86.Build.0 = Debug|Any CPU
		{70EFA4CF-DA48-475C-B30D-D242363ECF1F}.Release|Any CPU.ActiveCfg = Release|Any CPU
		{70EFA4CF-DA48-475C-B30D-D242363ECF1F}.Release|Any CPU.Build.0 = Release|Any CPU
		{70EFA4CF-DA48-475C-B30D-D242363ECF1F}.Release|x64.ActiveCfg = Release|Any CPU
		{70EFA4CF-DA48-475C-B30D-D242363ECF1F}.Release|x64.Build.0 = Release|Any CPU
		{70EFA4CF-DA48-475C-B30D-D242363ECF1F}.Release|x86.ActiveCfg = Release|Any CPU
		{70EFA4CF-DA48-475C-B30D-D242363ECF1F}.Release|x86.Build.0 = Release|Any CPU
		{70EFA4CF-DA48-475C-B30D-D242363ECF2F}.Debug|Any CPU.ActiveCfg = Debug|Any CPU
		{70EFA4CF-DA48-475C-B30D-D242363ECF2F}.Debug|Any CPU.Build.0 = Debug|Any CPU
		{70EFA4CF-DA48-475C-B30D-D242363ECF2F}.Debug|x64.ActiveCfg = Debug|Any CPU
		{70EFA4CF-DA48-475C-B30D-D242363ECF2F}.Debug|x64.Build.0 = Debug|Any CPU
		{70EFA4CF-DA48-475C-B30D-D242363ECF2F}.Debug|x86.ActiveCfg = Debug|Any CPU
		{70EFA4CF-DA48-475C-B30D-D242363ECF2F}.Debug|x86.Build.0 = Debug|Any CPU
		{70EFA4CF-DA48-475C-B30D-D242363ECF2F}.Release|Any CPU.ActiveCfg = Release|Any CPU
		{70EFA4CF-DA48-475C-B30D-D242363ECF2F}.Release|Any CPU.Build.0 = Release|Any CPU
		{70EFA4CF-DA48-475C-B30D-D242363ECF2F}.Release|x64.ActiveCfg = Release|Any CPU
		{70EFA4CF-DA48-475C-B30D-D242363ECF2F}.Release|x64.Build.0 = Release|Any CPU
		{70EFA4CF-DA48-475C-B30D-D242363ECF2F}.Release|x86.ActiveCfg = Release|Any CPU
		{70EFA4CF-DA48-475C-B30D-D242363ECF2F}.Release|x86.Build.0 = Release|Any CPU
		{70EFA4CF-DA48-475C-B30D-D242363ECF3F}.Debug|Any CPU.ActiveCfg = Debug|Any CPU
		{70EFA4CF-DA48-475C-B30D-D242363ECF3F}.Debug|Any CPU.Build.0 = Debug|Any CPU
		{70EFA4CF-DA48-475C-B30D-D242363ECF3F}.Debug|x64.ActiveCfg = Debug|Any CPU
		{70EFA4CF-DA48-475C-B30D-D242363ECF3F}.Debug|x64.Build.0 = Debug|Any CPU
		{70EFA4CF-DA48-475C-B30D-D242363ECF3F}.Debug|x86.ActiveCfg = Debug|Any CPU
		{70EFA4CF-DA48-475C-B30D-D242363ECF3F}.Debug|x86.Build.0 = Debug|Any CPU
		{70EFA4CF-DA48-475C-B30D-D242363ECF3F}.Release|Any CPU.ActiveCfg = Release|Any CPU
		{70EFA4CF-DA48-475C-B30D-D242363ECF3F}.Release|Any CPU.Build.0 = Release|Any CPU
		{70EFA4CF-DA48-475C-B30D-D242363ECF3F}.Release|x64.ActiveCfg = Release|Any CPU
		{70EFA4CF-DA48-475C-B30D-D242363ECF3F}.Release|x64.Build.0 = Release|Any CPU
		{70EFA4CF-DA48-475C-B30D-D242363ECF3F}.Release|x86.ActiveCfg = Release|Any CPU
		{70EFA4CF-DA48-475C-B30D-D242363ECF3F}.Release|x86.Build.0 = Release|Any CPU
		{1E081096-86EE-418E-8EBA-BF79DFF3C688}.Debug|Any CPU.ActiveCfg = Debug|Any CPU
		{1E081096-86EE-418E-8EBA-BF79DFF3C688}.Debug|Any CPU.Build.0 = Debug|Any CPU
		{1E081096-86EE-418E-8EBA-BF79DFF3C688}.Debug|x64.ActiveCfg = Debug|Any CPU
		{1E081096-86EE-418E-8EBA-BF79DFF3C688}.Debug|x64.Build.0 = Debug|Any CPU
		{1E081096-86EE-418E-8EBA-BF79DFF3C688}.Debug|x86.ActiveCfg = Debug|Any CPU
		{1E081096-86EE-418E-8EBA-BF79DFF3C688}.Debug|x86.Build.0 = Debug|Any CPU
		{1E081096-86EE-418E-8EBA-BF79DFF3C688}.Release|Any CPU.ActiveCfg = Release|Any CPU
		{1E081096-86EE-418E-8EBA-BF79DFF3C688}.Release|Any CPU.Build.0 = Release|Any CPU
		{1E081096-86EE-418E-8EBA-BF79DFF3C688}.Release|x64.ActiveCfg = Release|Any CPU
		{1E081096-86EE-418E-8EBA-BF79DFF3C688}.Release|x64.Build.0 = Release|Any CPU
		{1E081096-86EE-418E-8EBA-BF79DFF3C688}.Release|x86.ActiveCfg = Release|Any CPU
		{1E081096-86EE-418E-8EBA-BF79DFF3C688}.Release|x86.Build.0 = Release|Any CPU
		{03CA9967-31C4-42F8-AA2D-6E2EC4D62ED3}.Debug|Any CPU.ActiveCfg = Debug|Any CPU
		{03CA9967-31C4-42F8-AA2D-6E2EC4D62ED3}.Debug|Any CPU.Build.0 = Debug|Any CPU
		{03CA9967-31C4-42F8-AA2D-6E2EC4D62ED3}.Debug|x64.ActiveCfg = Debug|Any CPU
		{03CA9967-31C4-42F8-AA2D-6E2EC4D62ED3}.Debug|x64.Build.0 = Debug|Any CPU
		{03CA9967-31C4-42F8-AA2D-6E2EC4D62ED3}.Debug|x86.ActiveCfg = Debug|Any CPU
		{03CA9967-31C4-42F8-AA2D-6E2EC4D62ED3}.Debug|x86.Build.0 = Debug|Any CPU
		{03CA9967-31C4-42F8-AA2D-6E2EC4D62ED3}.Release|Any CPU.ActiveCfg = Release|Any CPU
		{03CA9967-31C4-42F8-AA2D-6E2EC4D62ED3}.Release|Any CPU.Build.0 = Release|Any CPU
		{03CA9967-31C4-42F8-AA2D-6E2EC4D62ED3}.Release|x64.ActiveCfg = Release|Any CPU
		{03CA9967-31C4-42F8-AA2D-6E2EC4D62ED3}.Release|x64.Build.0 = Release|Any CPU
		{03CA9967-31C4-42F8-AA2D-6E2EC4D62ED3}.Release|x86.ActiveCfg = Release|Any CPU
		{03CA9967-31C4-42F8-AA2D-6E2EC4D62ED3}.Release|x86.Build.0 = Release|Any CPU
		{D0C66B68-32D7-40F6-8AF4-FEAFE9D6B019}.Debug|Any CPU.ActiveCfg = Debug|Any CPU
		{D0C66B68-32D7-40F6-8AF4-FEAFE9D6B019}.Debug|Any CPU.Build.0 = Debug|Any CPU
		{D0C66B68-32D7-40F6-8AF4-FEAFE9D6B019}.Debug|x64.ActiveCfg = Debug|Any CPU
		{D0C66B68-32D7-40F6-8AF4-FEAFE9D6B019}.Debug|x64.Build.0 = Debug|Any CPU
		{D0C66B68-32D7-40F6-8AF4-FEAFE9D6B019}.Debug|x86.ActiveCfg = Debug|Any CPU
		{D0C66B68-32D7-40F6-8AF4-FEAFE9D6B019}.Debug|x86.Build.0 = Debug|Any CPU
		{D0C66B68-32D7-40F6-8AF4-FEAFE9D6B019}.Release|Any CPU.ActiveCfg = Release|Any CPU
		{D0C66B68-32D7-40F6-8AF4-FEAFE9D6B019}.Release|Any CPU.Build.0 = Release|Any CPU
		{D0C66B68-32D7-40F6-8AF4-FEAFE9D6B019}.Release|x64.ActiveCfg = Release|Any CPU
		{D0C66B68-32D7-40F6-8AF4-FEAFE9D6B019}.Release|x64.Build.0 = Release|Any CPU
		{D0C66B68-32D7-40F6-8AF4-FEAFE9D6B019}.Release|x86.ActiveCfg = Release|Any CPU
		{D0C66B68-32D7-40F6-8AF4-FEAFE9D6B019}.Release|x86.Build.0 = Release|Any CPU
		{1CC74A39-11D7-475E-85EA-D99A8940424F}.Debug|Any CPU.ActiveCfg = Debug|Any CPU
		{1CC74A39-11D7-475E-85EA-D99A8940424F}.Debug|Any CPU.Build.0 = Debug|Any CPU
		{1CC74A39-11D7-475E-85EA-D99A8940424F}.Debug|x64.ActiveCfg = Debug|Any CPU
		{1CC74A39-11D7-475E-85EA-D99A8940424F}.Debug|x64.Build.0 = Debug|Any CPU
		{1CC74A39-11D7-475E-85EA-D99A8940424F}.Debug|x86.ActiveCfg = Debug|Any CPU
		{1CC74A39-11D7-475E-85EA-D99A8940424F}.Debug|x86.Build.0 = Debug|Any CPU
		{1CC74A39-11D7-475E-85EA-D99A8940424F}.Release|Any CPU.ActiveCfg = Release|Any CPU
		{1CC74A39-11D7-475E-85EA-D99A8940424F}.Release|Any CPU.Build.0 = Release|Any CPU
		{1CC74A39-11D7-475E-85EA-D99A8940424F}.Release|x64.ActiveCfg = Release|Any CPU
		{1CC74A39-11D7-475E-85EA-D99A8940424F}.Release|x64.Build.0 = Release|Any CPU
		{1CC74A39-11D7-475E-85EA-D99A8940424F}.Release|x86.ActiveCfg = Release|Any CPU
		{1CC74A39-11D7-475E-85EA-D99A8940424F}.Release|x86.Build.0 = Release|Any CPU
		{698C9DF4-548A-44CE-8843-1254A1DA7D66}.Debug|Any CPU.ActiveCfg = Debug|Any CPU
		{698C9DF4-548A-44CE-8843-1254A1DA7D66}.Debug|Any CPU.Build.0 = Debug|Any CPU
		{698C9DF4-548A-44CE-8843-1254A1DA7D66}.Debug|x64.ActiveCfg = Debug|Any CPU
		{698C9DF4-548A-44CE-8843-1254A1DA7D66}.Debug|x64.Build.0 = Debug|Any CPU
		{698C9DF4-548A-44CE-8843-1254A1DA7D66}.Debug|x86.ActiveCfg = Debug|Any CPU
		{698C9DF4-548A-44CE-8843-1254A1DA7D66}.Debug|x86.Build.0 = Debug|Any CPU
		{698C9DF4-548A-44CE-8843-1254A1DA7D66}.Release|Any CPU.ActiveCfg = Release|Any CPU
		{698C9DF4-548A-44CE-8843-1254A1DA7D66}.Release|Any CPU.Build.0 = Release|Any CPU
		{698C9DF4-548A-44CE-8843-1254A1DA7D66}.Release|x64.ActiveCfg = Release|Any CPU
		{698C9DF4-548A-44CE-8843-1254A1DA7D66}.Release|x64.Build.0 = Release|Any CPU
		{698C9DF4-548A-44CE-8843-1254A1DA7D66}.Release|x86.ActiveCfg = Release|Any CPU
		{698C9DF4-548A-44CE-8843-1254A1DA7D66}.Release|x86.Build.0 = Release|Any CPU
		{9C2CCBFA-8597-4210-9B62-05A48CC4F958}.Debug|Any CPU.ActiveCfg = Debug|Any CPU
		{9C2CCBFA-8597-4210-9B62-05A48CC4F958}.Debug|Any CPU.Build.0 = Debug|Any CPU
		{9C2CCBFA-8597-4210-9B62-05A48CC4F958}.Debug|x64.ActiveCfg = Debug|Any CPU
		{9C2CCBFA-8597-4210-9B62-05A48CC4F958}.Debug|x64.Build.0 = Debug|Any CPU
		{9C2CCBFA-8597-4210-9B62-05A48CC4F958}.Debug|x86.ActiveCfg = Debug|Any CPU
		{9C2CCBFA-8597-4210-9B62-05A48CC4F958}.Debug|x86.Build.0 = Debug|Any CPU
		{9C2CCBFA-8597-4210-9B62-05A48CC4F958}.Release|Any CPU.ActiveCfg = Release|Any CPU
		{9C2CCBFA-8597-4210-9B62-05A48CC4F958}.Release|Any CPU.Build.0 = Release|Any CPU
		{9C2CCBFA-8597-4210-9B62-05A48CC4F958}.Release|x64.ActiveCfg = Release|Any CPU
		{9C2CCBFA-8597-4210-9B62-05A48CC4F958}.Release|x64.Build.0 = Release|Any CPU
		{9C2CCBFA-8597-4210-9B62-05A48CC4F958}.Release|x86.ActiveCfg = Release|Any CPU
		{9C2CCBFA-8597-4210-9B62-05A48CC4F958}.Release|x86.Build.0 = Release|Any CPU
		{78D56A4A-B85C-4300-BC5F-46098237654F}.Debug|Any CPU.ActiveCfg = Debug|Any CPU
		{78D56A4A-B85C-4300-BC5F-46098237654F}.Debug|Any CPU.Build.0 = Debug|Any CPU
		{78D56A4A-B85C-4300-BC5F-46098237654F}.Debug|x64.ActiveCfg = Debug|Any CPU
		{78D56A4A-B85C-4300-BC5F-46098237654F}.Debug|x64.Build.0 = Debug|Any CPU
		{78D56A4A-B85C-4300-BC5F-46098237654F}.Debug|x86.ActiveCfg = Debug|Any CPU
		{78D56A4A-B85C-4300-BC5F-46098237654F}.Debug|x86.Build.0 = Debug|Any CPU
		{78D56A4A-B85C-4300-BC5F-46098237654F}.Release|Any CPU.ActiveCfg = Release|Any CPU
		{78D56A4A-B85C-4300-BC5F-46098237654F}.Release|Any CPU.Build.0 = Release|Any CPU
		{78D56A4A-B85C-4300-BC5F-46098237654F}.Release|x64.ActiveCfg = Release|Any CPU
		{78D56A4A-B85C-4300-BC5F-46098237654F}.Release|x64.Build.0 = Release|Any CPU
		{78D56A4A-B85C-4300-BC5F-46098237654F}.Release|x86.ActiveCfg = Release|Any CPU
		{78D56A4A-B85C-4300-BC5F-46098237654F}.Release|x86.Build.0 = Release|Any CPU
		{2A2FB747-8B6E-4E48-8EC1-812301F6618B}.Debug|Any CPU.ActiveCfg = Debug|Any CPU
		{2A2FB747-8B6E-4E48-8EC1-812301F6618B}.Debug|Any CPU.Build.0 = Debug|Any CPU
		{2A2FB747-8B6E-4E48-8EC1-812301F6618B}.Debug|x64.ActiveCfg = Debug|Any CPU
		{2A2FB747-8B6E-4E48-8EC1-812301F6618B}.Debug|x64.Build.0 = Debug|Any CPU
		{2A2FB747-8B6E-4E48-8EC1-812301F6618B}.Debug|x86.ActiveCfg = Debug|Any CPU
		{2A2FB747-8B6E-4E48-8EC1-812301F6618B}.Debug|x86.Build.0 = Debug|Any CPU
		{2A2FB747-8B6E-4E48-8EC1-812301F6618B}.Release|Any CPU.ActiveCfg = Release|Any CPU
		{2A2FB747-8B6E-4E48-8EC1-812301F6618B}.Release|Any CPU.Build.0 = Release|Any CPU
		{2A2FB747-8B6E-4E48-8EC1-812301F6618B}.Release|x64.ActiveCfg = Release|Any CPU
		{2A2FB747-8B6E-4E48-8EC1-812301F6618B}.Release|x64.Build.0 = Release|Any CPU
		{2A2FB747-8B6E-4E48-8EC1-812301F6618B}.Release|x86.ActiveCfg = Release|Any CPU
		{2A2FB747-8B6E-4E48-8EC1-812301F6618B}.Release|x86.Build.0 = Release|Any CPU
		{C9635959-946F-4DD2-92EE-27DB27173D67}.Debug|Any CPU.ActiveCfg = Debug|Any CPU
		{C9635959-946F-4DD2-92EE-27DB27173D67}.Debug|Any CPU.Build.0 = Debug|Any CPU
		{C9635959-946F-4DD2-92EE-27DB27173D67}.Debug|x64.ActiveCfg = Debug|Any CPU
		{C9635959-946F-4DD2-92EE-27DB27173D67}.Debug|x64.Build.0 = Debug|Any CPU
		{C9635959-946F-4DD2-92EE-27DB27173D67}.Debug|x86.ActiveCfg = Debug|Any CPU
		{C9635959-946F-4DD2-92EE-27DB27173D67}.Debug|x86.Build.0 = Debug|Any CPU
		{C9635959-946F-4DD2-92EE-27DB27173D67}.Release|Any CPU.ActiveCfg = Release|Any CPU
		{C9635959-946F-4DD2-92EE-27DB27173D67}.Release|Any CPU.Build.0 = Release|Any CPU
		{C9635959-946F-4DD2-92EE-27DB27173D67}.Release|x64.ActiveCfg = Release|Any CPU
		{C9635959-946F-4DD2-92EE-27DB27173D67}.Release|x64.Build.0 = Release|Any CPU
		{C9635959-946F-4DD2-92EE-27DB27173D67}.Release|x86.ActiveCfg = Release|Any CPU
		{C9635959-946F-4DD2-92EE-27DB27173D67}.Release|x86.Build.0 = Release|Any CPU
		{4813A69C-35A1-42BF-8545-120C6687ADA1}.Debug|Any CPU.ActiveCfg = Debug|Any CPU
		{4813A69C-35A1-42BF-8545-120C6687ADA1}.Debug|Any CPU.Build.0 = Debug|Any CPU
		{4813A69C-35A1-42BF-8545-120C6687ADA1}.Debug|x64.ActiveCfg = Debug|Any CPU
		{4813A69C-35A1-42BF-8545-120C6687ADA1}.Debug|x64.Build.0 = Debug|Any CPU
		{4813A69C-35A1-42BF-8545-120C6687ADA1}.Debug|x86.ActiveCfg = Debug|Any CPU
		{4813A69C-35A1-42BF-8545-120C6687ADA1}.Debug|x86.Build.0 = Debug|Any CPU
		{4813A69C-35A1-42BF-8545-120C6687ADA1}.Release|Any CPU.ActiveCfg = Release|Any CPU
		{4813A69C-35A1-42BF-8545-120C6687ADA1}.Release|Any CPU.Build.0 = Release|Any CPU
		{4813A69C-35A1-42BF-8545-120C6687ADA1}.Release|x64.ActiveCfg = Release|Any CPU
		{4813A69C-35A1-42BF-8545-120C6687ADA1}.Release|x64.Build.0 = Release|Any CPU
		{4813A69C-35A1-42BF-8545-120C6687ADA1}.Release|x86.ActiveCfg = Release|Any CPU
		{4813A69C-35A1-42BF-8545-120C6687ADA1}.Release|x86.Build.0 = Release|Any CPU
		{0C53AEB4-A22D-4180-94D8-965C53CDBD56}.Debug|Any CPU.ActiveCfg = Debug|Any CPU
		{0C53AEB4-A22D-4180-94D8-965C53CDBD56}.Debug|Any CPU.Build.0 = Debug|Any CPU
		{0C53AEB4-A22D-4180-94D8-965C53CDBD56}.Debug|x64.ActiveCfg = Debug|Any CPU
		{0C53AEB4-A22D-4180-94D8-965C53CDBD56}.Debug|x64.Build.0 = Debug|Any CPU
		{0C53AEB4-A22D-4180-94D8-965C53CDBD56}.Debug|x86.ActiveCfg = Debug|Any CPU
		{0C53AEB4-A22D-4180-94D8-965C53CDBD56}.Debug|x86.Build.0 = Debug|Any CPU
		{0C53AEB4-A22D-4180-94D8-965C53CDBD56}.Release|Any CPU.ActiveCfg = Release|Any CPU
		{0C53AEB4-A22D-4180-94D8-965C53CDBD56}.Release|Any CPU.Build.0 = Release|Any CPU
		{0C53AEB4-A22D-4180-94D8-965C53CDBD56}.Release|x64.ActiveCfg = Release|Any CPU
		{0C53AEB4-A22D-4180-94D8-965C53CDBD56}.Release|x64.Build.0 = Release|Any CPU
		{0C53AEB4-A22D-4180-94D8-965C53CDBD56}.Release|x86.ActiveCfg = Release|Any CPU
		{0C53AEB4-A22D-4180-94D8-965C53CDBD56}.Release|x86.Build.0 = Release|Any CPU
		{3053D136-A978-480C-A7C7-D269A9FEC491}.Debug|Any CPU.ActiveCfg = Debug|Any CPU
		{3053D136-A978-480C-A7C7-D269A9FEC491}.Debug|Any CPU.Build.0 = Debug|Any CPU
		{3053D136-A978-480C-A7C7-D269A9FEC491}.Debug|x64.ActiveCfg = Debug|Any CPU
		{3053D136-A978-480C-A7C7-D269A9FEC491}.Debug|x64.Build.0 = Debug|Any CPU
		{3053D136-A978-480C-A7C7-D269A9FEC491}.Debug|x86.ActiveCfg = Debug|Any CPU
		{3053D136-A978-480C-A7C7-D269A9FEC491}.Debug|x86.Build.0 = Debug|Any CPU
		{3053D136-A978-480C-A7C7-D269A9FEC491}.Release|Any CPU.ActiveCfg = Release|Any CPU
		{3053D136-A978-480C-A7C7-D269A9FEC491}.Release|Any CPU.Build.0 = Release|Any CPU
		{3053D136-A978-480C-A7C7-D269A9FEC491}.Release|x64.ActiveCfg = Release|Any CPU
		{3053D136-A978-480C-A7C7-D269A9FEC491}.Release|x64.Build.0 = Release|Any CPU
		{3053D136-A978-480C-A7C7-D269A9FEC491}.Release|x86.ActiveCfg = Release|Any CPU
		{3053D136-A978-480C-A7C7-D269A9FEC491}.Release|x86.Build.0 = Release|Any CPU
		{42212813-63D9-469F-B383-E3C939849185}.Debug|Any CPU.ActiveCfg = Debug|Any CPU
		{42212813-63D9-469F-B383-E3C939849185}.Debug|Any CPU.Build.0 = Debug|Any CPU
		{42212813-63D9-469F-B383-E3C939849185}.Debug|x64.ActiveCfg = Debug|Any CPU
		{42212813-63D9-469F-B383-E3C939849185}.Debug|x64.Build.0 = Debug|Any CPU
		{42212813-63D9-469F-B383-E3C939849185}.Debug|x86.ActiveCfg = Debug|Any CPU
		{42212813-63D9-469F-B383-E3C939849185}.Debug|x86.Build.0 = Debug|Any CPU
		{42212813-63D9-469F-B383-E3C939849185}.Release|Any CPU.ActiveCfg = Release|Any CPU
		{42212813-63D9-469F-B383-E3C939849185}.Release|Any CPU.Build.0 = Release|Any CPU
		{42212813-63D9-469F-B383-E3C939849185}.Release|x64.ActiveCfg = Release|Any CPU
		{42212813-63D9-469F-B383-E3C939849185}.Release|x64.Build.0 = Release|Any CPU
		{42212813-63D9-469F-B383-E3C939849185}.Release|x86.ActiveCfg = Release|Any CPU
		{42212813-63D9-469F-B383-E3C939849185}.Release|x86.Build.0 = Release|Any CPU
		{EC4D7A24-9BC7-4F4E-9CC9-9D734BCC7796}.Debug|Any CPU.ActiveCfg = Debug|Any CPU
		{EC4D7A24-9BC7-4F4E-9CC9-9D734BCC7796}.Debug|Any CPU.Build.0 = Debug|Any CPU
		{EC4D7A24-9BC7-4F4E-9CC9-9D734BCC7796}.Debug|x64.ActiveCfg = Debug|Any CPU
		{EC4D7A24-9BC7-4F4E-9CC9-9D734BCC7796}.Debug|x64.Build.0 = Debug|Any CPU
		{EC4D7A24-9BC7-4F4E-9CC9-9D734BCC7796}.Debug|x86.ActiveCfg = Debug|Any CPU
		{EC4D7A24-9BC7-4F4E-9CC9-9D734BCC7796}.Debug|x86.Build.0 = Debug|Any CPU
		{EC4D7A24-9BC7-4F4E-9CC9-9D734BCC7796}.Release|Any CPU.ActiveCfg = Release|Any CPU
		{EC4D7A24-9BC7-4F4E-9CC9-9D734BCC7796}.Release|Any CPU.Build.0 = Release|Any CPU
		{EC4D7A24-9BC7-4F4E-9CC9-9D734BCC7796}.Release|x64.ActiveCfg = Release|Any CPU
		{EC4D7A24-9BC7-4F4E-9CC9-9D734BCC7796}.Release|x64.Build.0 = Release|Any CPU
		{EC4D7A24-9BC7-4F4E-9CC9-9D734BCC7796}.Release|x86.ActiveCfg = Release|Any CPU
		{EC4D7A24-9BC7-4F4E-9CC9-9D734BCC7796}.Release|x86.Build.0 = Release|Any CPU
		{CA47F3F8-92F7-4FA0-9E03-D7776422FF72}.Debug|Any CPU.ActiveCfg = Debug|Any CPU
		{CA47F3F8-92F7-4FA0-9E03-D7776422FF72}.Debug|Any CPU.Build.0 = Debug|Any CPU
		{CA47F3F8-92F7-4FA0-9E03-D7776422FF72}.Debug|x64.ActiveCfg = Debug|Any CPU
		{CA47F3F8-92F7-4FA0-9E03-D7776422FF72}.Debug|x64.Build.0 = Debug|Any CPU
		{CA47F3F8-92F7-4FA0-9E03-D7776422FF72}.Debug|x86.ActiveCfg = Debug|Any CPU
		{CA47F3F8-92F7-4FA0-9E03-D7776422FF72}.Debug|x86.Build.0 = Debug|Any CPU
		{CA47F3F8-92F7-4FA0-9E03-D7776422FF72}.Release|Any CPU.ActiveCfg = Release|Any CPU
		{CA47F3F8-92F7-4FA0-9E03-D7776422FF72}.Release|Any CPU.Build.0 = Release|Any CPU
		{CA47F3F8-92F7-4FA0-9E03-D7776422FF72}.Release|x64.ActiveCfg = Release|Any CPU
		{CA47F3F8-92F7-4FA0-9E03-D7776422FF72}.Release|x64.Build.0 = Release|Any CPU
		{CA47F3F8-92F7-4FA0-9E03-D7776422FF72}.Release|x86.ActiveCfg = Release|Any CPU
		{CA47F3F8-92F7-4FA0-9E03-D7776422FF72}.Release|x86.Build.0 = Release|Any CPU
		{C45114E0-94FB-4885-9AA2-117E212383CC}.Debug|Any CPU.ActiveCfg = Debug|Any CPU
		{C45114E0-94FB-4885-9AA2-117E212383CC}.Debug|Any CPU.Build.0 = Debug|Any CPU
		{C45114E0-94FB-4885-9AA2-117E212383CC}.Debug|x64.ActiveCfg = Debug|Any CPU
		{C45114E0-94FB-4885-9AA2-117E212383CC}.Debug|x64.Build.0 = Debug|Any CPU
		{C45114E0-94FB-4885-9AA2-117E212383CC}.Debug|x86.ActiveCfg = Debug|Any CPU
		{C45114E0-94FB-4885-9AA2-117E212383CC}.Debug|x86.Build.0 = Debug|Any CPU
		{C45114E0-94FB-4885-9AA2-117E212383CC}.Release|Any CPU.ActiveCfg = Release|Any CPU
		{C45114E0-94FB-4885-9AA2-117E212383CC}.Release|Any CPU.Build.0 = Release|Any CPU
		{C45114E0-94FB-4885-9AA2-117E212383CC}.Release|x64.ActiveCfg = Release|Any CPU
		{C45114E0-94FB-4885-9AA2-117E212383CC}.Release|x64.Build.0 = Release|Any CPU
		{C45114E0-94FB-4885-9AA2-117E212383CC}.Release|x86.ActiveCfg = Release|Any CPU
		{C45114E0-94FB-4885-9AA2-117E212383CC}.Release|x86.Build.0 = Release|Any CPU
		{BB6FAE1E-F8D3-47AA-AE1B-7E093EC70F7B}.Debug|Any CPU.ActiveCfg = Debug|Any CPU
		{BB6FAE1E-F8D3-47AA-AE1B-7E093EC70F7B}.Debug|Any CPU.Build.0 = Debug|Any CPU
		{BB6FAE1E-F8D3-47AA-AE1B-7E093EC70F7B}.Debug|x64.ActiveCfg = Debug|Any CPU
		{BB6FAE1E-F8D3-47AA-AE1B-7E093EC70F7B}.Debug|x64.Build.0 = Debug|Any CPU
		{BB6FAE1E-F8D3-47AA-AE1B-7E093EC70F7B}.Debug|x86.ActiveCfg = Debug|Any CPU
		{BB6FAE1E-F8D3-47AA-AE1B-7E093EC70F7B}.Debug|x86.Build.0 = Debug|Any CPU
		{BB6FAE1E-F8D3-47AA-AE1B-7E093EC70F7B}.Release|Any CPU.ActiveCfg = Release|Any CPU
		{BB6FAE1E-F8D3-47AA-AE1B-7E093EC70F7B}.Release|Any CPU.Build.0 = Release|Any CPU
		{BB6FAE1E-F8D3-47AA-AE1B-7E093EC70F7B}.Release|x64.ActiveCfg = Release|Any CPU
		{BB6FAE1E-F8D3-47AA-AE1B-7E093EC70F7B}.Release|x64.Build.0 = Release|Any CPU
		{BB6FAE1E-F8D3-47AA-AE1B-7E093EC70F7B}.Release|x86.ActiveCfg = Release|Any CPU
		{BB6FAE1E-F8D3-47AA-AE1B-7E093EC70F7B}.Release|x86.Build.0 = Release|Any CPU
		{5070256A-C750-4DE6-94DD-275A8C3946DF}.Debug|Any CPU.ActiveCfg = Debug|Any CPU
		{5070256A-C750-4DE6-94DD-275A8C3946DF}.Debug|Any CPU.Build.0 = Debug|Any CPU
		{5070256A-C750-4DE6-94DD-275A8C3946DF}.Debug|x64.ActiveCfg = Debug|Any CPU
		{5070256A-C750-4DE6-94DD-275A8C3946DF}.Debug|x64.Build.0 = Debug|Any CPU
		{5070256A-C750-4DE6-94DD-275A8C3946DF}.Debug|x86.ActiveCfg = Debug|Any CPU
		{5070256A-C750-4DE6-94DD-275A8C3946DF}.Debug|x86.Build.0 = Debug|Any CPU
		{5070256A-C750-4DE6-94DD-275A8C3946DF}.Release|Any CPU.ActiveCfg = Release|Any CPU
		{5070256A-C750-4DE6-94DD-275A8C3946DF}.Release|Any CPU.Build.0 = Release|Any CPU
		{5070256A-C750-4DE6-94DD-275A8C3946DF}.Release|x64.ActiveCfg = Release|Any CPU
		{5070256A-C750-4DE6-94DD-275A8C3946DF}.Release|x64.Build.0 = Release|Any CPU
		{5070256A-C750-4DE6-94DD-275A8C3946DF}.Release|x86.ActiveCfg = Release|Any CPU
		{5070256A-C750-4DE6-94DD-275A8C3946DF}.Release|x86.Build.0 = Release|Any CPU
	EndGlobalSection
	GlobalSection(SolutionProperties) = preSolution
		HideSolutionNode = FALSE
	EndGlobalSection
	GlobalSection(NestedProjects) = preSolution
		{C815FB6F-496F-4559-9FDC-664EDAE84367} = {281BBB2C-AE79-43DB-8D7D-C80A831A4B40}
		{967DDEB4-7541-438E-9562-FCBC61B6BEDD} = {281BBB2C-AE79-43DB-8D7D-C80A831A4B40}
		{1D301283-A854-4624-9AC7-71E7D42F8EFF} = {281BBB2C-AE79-43DB-8D7D-C80A831A4B40}
		{70EFA4CF-DA48-475C-B30D-D242363ECF0D} = {281BBB2C-AE79-43DB-8D7D-C80A831A4B40}
		{70EFA4CF-DA48-475C-B30D-D242363ECF0F} = {281BBB2C-AE79-43DB-8D7D-C80A831A4B40}
		{70EFA4CF-DA48-475C-B30D-D242363ECF1F} = {281BBB2C-AE79-43DB-8D7D-C80A831A4B40}
		{70EFA4CF-DA48-475C-B30D-D242363ECF2F} = {281BBB2C-AE79-43DB-8D7D-C80A831A4B40}
		{70EFA4CF-DA48-475C-B30D-D242363ECF3F} = {281BBB2C-AE79-43DB-8D7D-C80A831A4B40}
		{03CA9967-31C4-42F8-AA2D-6E2EC4D62ED3} = {281BBB2C-AE79-43DB-8D7D-C80A831A4B40}
		{D0C66B68-32D7-40F6-8AF4-FEAFE9D6B019} = {281BBB2C-AE79-43DB-8D7D-C80A831A4B40}
		{1CC74A39-11D7-475E-85EA-D99A8940424F} = {281BBB2C-AE79-43DB-8D7D-C80A831A4B40}
		{698C9DF4-548A-44CE-8843-1254A1DA7D66} = {281BBB2C-AE79-43DB-8D7D-C80A831A4B40}
		{9C2CCBFA-8597-4210-9B62-05A48CC4F958} = {281BBB2C-AE79-43DB-8D7D-C80A831A4B40}
		{78D56A4A-B85C-4300-BC5F-46098237654F} = {281BBB2C-AE79-43DB-8D7D-C80A831A4B40}
		{4813A69C-35A1-42BF-8545-120C6687ADA1} = {8A367DDA-5161-A942-4F09-60E4726C9306}
		{0C53AEB4-A22D-4180-94D8-965C53CDBD56} = {8A367DDA-5161-A942-4F09-60E4726C9306}
		{3053D136-A978-480C-A7C7-D269A9FEC491} = {8A367DDA-5161-A942-4F09-60E4726C9306}
		{42212813-63D9-469F-B383-E3C939849185} = {8A367DDA-5161-A942-4F09-60E4726C9306}
		{EC4D7A24-9BC7-4F4E-9CC9-9D734BCC7796} = {8A367DDA-5161-A942-4F09-60E4726C9306}
		{CA47F3F8-92F7-4FA0-9E03-D7776422FF72} = {8A367DDA-5161-A942-4F09-60E4726C9306}
		{C45114E0-94FB-4885-9AA2-117E212383CC} = {8A367DDA-5161-A942-4F09-60E4726C9306}
		{BB6FAE1E-F8D3-47AA-AE1B-7E093EC70F7B} = {281BBB2C-AE79-43DB-8D7D-C80A831A4B40}
		{5070256A-C750-4DE6-94DD-275A8C3946DF} = {281BBB2C-AE79-43DB-8D7D-C80A831A4B40}
	EndGlobalSection
	GlobalSection(ExtensibilityGlobals) = postSolution
		SolutionGuid = {B8296C09-7EB1-4CE8-9FF5-E182F5BB833A}
	EndGlobalSection
EndGlobal
