Microsoft Visual Studio Solution File, Format Version 12.00
# Visual Studio Version 17
VisualStudioVersion = 17.5.2.0
MinimumVisualStudioVersion = 10.0.40219.1
Project("{FAE04EC0-301F-11D3-BF4B-00C04F79EFBC}") = "Sarah.Server", "Sarah.Server.csproj", "{8D0A591A-D4BE-E2E8-96CA-E3D4C5E9061E}"
EndProject
Global
	GlobalSection(SolutionConfigurationPlatforms) = preSolution
		Debug|Any CPU = Debug|Any CPU
		Release|Any CPU = Release|Any CPU
	EndGlobalSection
	GlobalSection(ProjectConfigurationPlatforms) = postSolution
		{8D0A591A-D4BE-E2E8-96CA-E3D4C5E9061E}.Debug|Any CPU.ActiveCfg = Debug|Any CPU
		{8D0A591A-D4BE-E2E8-96CA-E3D4C5E9061E}.Debug|Any CPU.Build.0 = Debug|Any CPU
		{8D0A591A-D4BE-E2E8-96CA-E3D4C5E9061E}.Release|Any CPU.ActiveCfg = Release|Any CPU
		{8D0A591A-D4BE-E2E8-96CA-E3D4C5E9061E}.Release|Any CPU.Build.0 = Release|Any CPU
	EndGlobalSection
	GlobalSection(SolutionProperties) = preSolution
		HideSolutionNode = FALSE
	EndGlobalSection
	GlobalSection(ExtensibilityGlobals) = postSolution
		SolutionGuid = {C9F2A3FA-37C5-49EE-BB4C-EC8C3C4A2539}
	EndGlobalSection
EndGlobal
